
Microsoft Visual Studio Solution File, Format Version 12.00
# Visual Studio Version 17
VisualStudioVersion = 17.7.34221.43
MinimumVisualStudioVersion = 10.0.40219.1
Project("{FAE04EC0-301F-11D3-BF4B-00C04F79EFBC}") = "OnelabPractice", "OnelabPractice\OnelabPractice.csproj", "{CA3DE03F-1C7A-44F8-A976-628B7D9F50FE}"
EndProject
Global
	GlobalSection(SolutionConfigurationPlatforms) = preSolution
		Debug|Any CPU = Debug|Any CPU
		Release|Any CPU = Release|Any CPU
	EndGlobalSection
	GlobalSection(ProjectConfigurationPlatforms) = postSolution
		{CA3DE03F-1C7A-44F8-A976-628B7D9F50FE}.Debug|Any CPU.ActiveCfg = Debug|Any CPU
		{CA3DE03F-1C7A-44F8-A976-628B7D9F50FE}.Debug|Any CPU.Build.0 = Debug|Any CPU
		{CA3DE03F-1C7A-44F8-A976-628B7D9F50FE}.Release|Any CPU.ActiveCfg = Release|Any CPU
		{CA3DE03F-1C7A-44F8-A976-628B7D9F50FE}.Release|Any CPU.Build.0 = Release|Any CPU
	EndGlobalSection
	GlobalSection(SolutionProperties) = preSolution
		HideSolutionNode = FALSE
	EndGlobalSection
	GlobalSection(ExtensibilityGlobals) = postSolution
		SolutionGuid = {F9CCF63E-0FC8-4ACD-9856-CA2A724262D4}
	EndGlobalSection
EndGlobal
